
Microsoft Visual Studio Solution File, Format Version 12.00
# Visual Studio Version 16
VisualStudioVersion = 16.0.31112.23
MinimumVisualStudioVersion = 10.0.40219.1
Project("{FAE04EC0-301F-11D3-BF4B-00C04F79EFBC}") = "MovieFlow", "MovieFlow\MovieFlow.csproj", "{E38BE7E6-5DF6-4240-865C-46A4C9C291B0}"
EndProject
Global
	GlobalSection(SolutionConfigurationPlatforms) = preSolution
		Debug|Any CPU = Debug|Any CPU
		Release|Any CPU = Release|Any CPU
	EndGlobalSection
	GlobalSection(ProjectConfigurationPlatforms) = postSolution
		{E38BE7E6-5DF6-4240-865C-46A4C9C291B0}.Debug|Any CPU.ActiveCfg = Debug|Any CPU
		{E38BE7E6-5DF6-4240-865C-46A4C9C291B0}.Debug|Any CPU.Build.0 = Debug|Any CPU
		{E38BE7E6-5DF6-4240-865C-46A4C9C291B0}.Release|Any CPU.ActiveCfg = Release|Any CPU
		{E38BE7E6-5DF6-4240-865C-46A4C9C291B0}.Release|Any CPU.Build.0 = Release|Any CPU
	EndGlobalSection
	GlobalSection(SolutionProperties) = preSolution
		HideSolutionNode = FALSE
	EndGlobalSection
	GlobalSection(ExtensibilityGlobals) = postSolution
		SolutionGuid = {8820A6C2-72E0-4EA4-8FBB-861A82F92F46}
	EndGlobalSection
EndGlobal
